PODS:
  - Flutter (1.0.0)
  - flutter_media_notification (0.0.1):
    - Flutter

DEPENDENCIES:
  - Flutter (from `Flutter`)
  - flutter_media_notification (from `.symlinks/plugins/flutter_media_notification/ios`)

EXTERNAL SOURCES:
  Flutter:
    :path: Flutter
  flutter_media_notification:
    :path: ".symlinks/plugins/flutter_media_notification/ios"

SPEC CHECKSUMS:
  Flutter: 0e3d915762c693b495b44d77113d4970485de6ec
  flutter_media_notification: b950606ee6c7bc8b1fbecd8ad0f0b5c6f884d781

PODFILE CHECKSUM: 1b66dae606f75376c5f2135a8290850eeb09ae83

COCOAPODS: 1.9.1
